// !$*UTF8*$!
{
	archiveVersion = 1;
	classes = {
	};
	objectVersion = 46;
	objects = {

/* Begin PBXBuildFile section */
		890C1F001F3B54FE00B05EE3 /* AppDelegate.swift in Sources */ = {isa = PBXBuildFile; fileRef = 890C1EFF1F3B54FE00B05EE3 /* AppDelegate.swift */; };
		890C1F021F3B54FE00B05EE3 /* ViewController.swift in Sources */ = {isa = PBXBuildFile; fileRef = 890C1F011F3B54FE00B05EE3 /* ViewController.swift */; };
		890C1F051F3B54FE00B05EE3 /* Main.storyboard in Resources */ = {isa = PBXBuildFile; fileRef = 890C1F031F3B54FE00B05EE3 /* Main.storyboard */; };
		890C1F071F3B54FE00B05EE3 /* Assets.xcassets in Resources */ = {isa = PBXBuildFile; fileRef = 890C1F061F3B54FE00B05EE3 /* Assets.xcassets */; };
		890C1F0A1F3B54FE00B05EE3 /* LaunchScreen.storyboard in Resources */ = {isa = PBXBuildFile; fileRef = 890C1F081F3B54FE00B05EE3 /* LaunchScreen.storyboard */; };
/* End PBXBuildFile section */

/* Begin PBXFileReference section */
		890C1EFC1F3B54FE00B05EE3 /* Light Color Controller.app */ = {isa = PBXFileReference; explicitFileType = wrapper.application; includeInIndex = 0; path = "Light Color Controller.app"; sourceTree = BUILT_PRODUCTS_DIR; };
		890C1EFF1F3B54FE00B05EE3 /* AppDelegate.swift */ = {isa = PBXFileReference; lastKnownFileType = sourcecode.swift; path = AppDelegate.swift; sourceTree = "<group>"; };
		890C1F011F3B54FE00B05EE3 /* ViewController.swift */ = {isa = PBXFileReference; lastKnownFileType = sourcecode.swift; path = ViewController.swift; sourceTree = "<group>"; };
		890C1F041F3B54FE00B05EE3 /* Base */ = {isa = PBXFileReference; lastKnownFileType = file.storyboard; name = Base; path = Base.lproj/Main.storyboard; sourceTree = "<group>"; };
		890C1F061F3B54FE00B05EE3 /* Assets.xcassets */ = {isa = PBXFileReference; lastKnownFileType = folder.assetcatalog; path = Assets.xcassets; sourceTree = "<group>"; };
		890C1F091F3B54FE00B05EE3 /* Base */ = {isa = PBXFileReference; lastKnownFileType = file.storyboard; name = Base; path = Base.lproj/LaunchScreen.storyboard; sourceTree = "<group>"; };
		890C1F0B1F3B54FE00B05EE3 /* Info.plist */ = {isa = PBXFileReference; lastKnownFileType = text.plist.xml; path = Info.plist; sourceTree = "<group>"; };
/* End PBXFileReference section */

/* Begin PBXFrameworksBuildPhase section */
		890C1EF91F3B54FE00B05EE3 /* Frameworks */ = {
			isa = PBXFrameworksBuildPhase;
			buildActionMask = 2147483647;
			files = (
			);
			runOnlyForDeploymentPostprocessing = 0;
		};
/* End PBXFrameworksBuildPhase section */

/* Begin PBXGroup section */
		890C1EF31F3B54FE00B05EE3 = {
			isa = PBXGroup;
			children = (
				890C1EFE1F3B54FE00B05EE3 /* Light Color Controller */,
				890C1EFD1F3B54FE00B05EE3 /* Products */,
			);
			sourceTree = "<group>";
		};
		890C1EFD1F3B54FE00B05EE3 /* Products */ = {
			isa = PBXGroup;
			children = (
				890C1EFC1F3B54FE00B05EE3 /* Light Color Controller.app */,
			);
			name = Products;
			sourceTree = "<group>";
		};
		890C1EFE1F3B54FE00B05EE3 /* Light Color Controller */ = {
			isa = PBXGroup;
			children = (
				890C1EFF1F3B54FE00B05EE3 /* AppDelegate.swift */,
				890C1F011F3B54FE00B05EE3 /* ViewController.swift */,
				890C1F031F3B54FE00B05EE3 /* Main.storyboard */,
				890C1F061F3B54FE00B05EE3 /* Assets.xcassets */,
				890C1F081F3B54FE00B05EE3 /* LaunchScreen.storyboard */,
				890C1F0B1F3B54FE00B05EE3 /* Info.plist */,
			);
			path = "Light Color Controller";
			sourceTree = "<group>";
		};
/* End PBXGroup section */

/* Begin PBXNativeTarget section */
		890C1EFB1F3B54FE00B05EE3 /* Light Color Controller */ = {
			isa = PBXNativeTarget;
			buildConfigurationList = 890C1F0E1F3B54FE00B05EE3 /* Build configuration list for PBXNativeTarget "Light Color Controller" */;
			buildPhases = (
				890C1EF81F3B54FE00B05EE3 /* Sources */,
				890C1EF91F3B54FE00B05EE3 /* Frameworks */,
				890C1EFA1F3B54FE00B05EE3 /* Resources */,
			);
			buildRules = (
			);
			dependencies = (
			);
			name = "Light Color Controller";
			productName = "Light Color Controller";
			productReference = 890C1EFC1F3B54FE00B05EE3 /* Light Color Controller.app */;
			productType = "com.apple.product-type.application";
		};
/* End PBXNativeTarget section */

/* Begin PBXProject section */
		890C1EF41F3B54FE00B05EE3 /* Project object */ = {
			isa = PBXProject;
			attributes = {
				LastSwiftUpdateCheck = 0830;
				LastUpgradeCheck = 0830;
				ORGANIZATIONNAME = "Maryville App Development";
				TargetAttributes = {
					890C1EFB1F3B54FE00B05EE3 = {
						CreatedOnToolsVersion = 8.3.3;
						ProvisioningStyle = Automatic;
					};
				};
			};
			buildConfigurationList = 890C1EF71F3B54FE00B05EE3 /* Build configuration list for PBXProject "Light Color Controller" */;
			compatibilityVersion = "Xcode 3.2";
			developmentRegion = English;
			hasScannedForEncodings = 0;
			knownRegions = (
				en,
				Base,
			);
			mainGroup = 890C1EF31F3B54FE00B05EE3;
			productRefGroup = 890C1EFD1F3B54FE00B05EE3 /* Products */;
			projectDirPath = "";
			projectRoot = "";
			targets = (
				890C1EFB1F3B54FE00B05EE3 /* Light Color Controller */,
			);
		};
/* End PBXProject section */

/* Begin PBXResourcesBuildPhase section */
		890C1EFA1F3B54FE00B05EE3 /* Resources */ = {
			isa = PBXResourcesBuildPhase;
			buildActionMask = 2147483647;
			files = (
				890C1F0A1F3B54FE00B05EE3 /* LaunchScreen.storyboard in Resources */,
				890C1F071F3B54FE00B05EE3 /* Assets.xcassets in Resources */,
				890C1F051F3B54FE00B05EE3 /* Main.storyboard in Resources */,
			);
			runOnlyForDeploymentPostprocessing = 0;
		};
/* End PBXResourcesBuildPhase section */

/* Begin PBXSourcesBuildPhase section */
		890C1EF81F3B54FE00B05EE3 /* Sources */ = {
			isa = PBXSourcesBuildPhase;
			buildActionMask = 2147483647;
			files = (
				890C1F021F3B54FE00B05EE3 /* ViewController.swift in Sources */,
				890C1F001F3B54FE00B05EE3 /* AppDelegate.swift in Sources */,
			);
			runOnlyForDeploymentPostprocessing = 0;
		};
/* End PBXSourcesBuildPhase section */

/* Begin PBXVariantGroup section */
		890C1F031F3B54FE00B05EE3 /* Main.storyboard */ = {
			isa = PBXVariantGroup;
			children = (
				890C1F041F3B54FE00B05EE3 /* Base */,
			);
			name = Main.storyboard;
			sourceTree = "<group>";
		};
		890C1F081F3B54FE00B05EE3 /* LaunchScreen.storyboard */ = {
			isa = PBXVariantGroup;
			children = (
				890C1F091F3B54FE00B05EE3 /* Base */,
			);
			name = LaunchScreen.storyboard;
			sourceTree = "<group>";
		};
/* End PBXVariantGroup section */

/* Begin XCBuildConfiguration section */
		890C1F0C1F3B54FE00B05EE3 /* Debug */ = {
			isa = XCBuildConfiguration;
			buildSettings = {
				ALWAYS_SEARCH_USER_PATHS = NO;
				CLANG_ANALYZER_NONNULL = YES;
				CLANG_ANALYZER_NUMBER_OBJECT_CONVERSION = YES_AGGRESSIVE;
				CLANG_CXX_LANGUAGE_STANDARD = "gnu++0x";
				CLANG_CXX_LIBRARY = "libc++";
				CLANG_ENABLE_MODULES = YES;
				CLANG_ENABLE_OBJC_ARC = YES;
				CLANG_WARN_BOOL_CONVERSION = YES;
				CLANG_WARN_CONSTANT_CONVERSION = YES;
				CLANG_WARN_DIRECT_OBJC_ISA_USAGE = YES_ERROR;
				CLANG_WARN_DOCUMENTATION_COMMENTS = YES;
				CLANG_WARN_EMPTY_BODY = YES;
				CLANG_WARN_ENUM_CONVERSION = YES;
				CLANG_WARN_INFINITE_RECURSION = YES;
				CLANG_WARN_INT_CONVERSION = YES;
				CLANG_WARN_OBJC_ROOT_CLASS = YES_ERROR;
				CLANG_WARN_SUSPICIOUS_MOVE = YES;
				CLANG_WARN_UNREACHABLE_CODE = YES;
				CLANG_WARN__DUPLICATE_METHOD_MATCH = YES;
				"CODE_SIGN_IDENTITY[sdk=iphoneos*]" = "iPhone Developer";
				COPY_PHASE_STRIP = NO;
				DEBUG_INFORMATION_FORMAT = dwarf;
				ENABLE_STRICT_OBJC_MSGSEND = YES;
				ENABLE_TESTABILITY = YES;
				GCC_C_LANGUAGE_STANDARD = gnu99;
				GCC_DYNAMIC_NO_PIC = NO;
				GCC_NO_COMMON_BLOCKS = YES;
				GCC_OPTIMIZATION_LEVEL = 0;
				GCC_PREPROCESSOR_DEFINITIONS = (
					"DEBUG=1",
					"$(inherited)",
				);
				GCC_WARN_64_TO_32_BIT_CONVERSION = YES;
				GCC_WARN_ABOUT_RETURN_TYPE = YES_ERROR;
				GCC_WARN_UNDECLARED_SELECTOR = YES;
				GCC_WARN_UNINITIALIZED_AUTOS = YES_AGGRESSIVE;
				GCC_WARN_UNUSED_FUNCTION = YES;
				GCC_WARN_UNUSED_VARIABLE = YES;
				IPHONEOS_DEPLOYMENT_TARGET = 10.3;
				MTL_ENABLE_DEBUG_INFO = YES;
				ONLY_ACTIVE_ARCH = YES;
				SDKROOT = iphoneos;
				SWIFT_ACTIVE_COMPILATION_CONDITIONS = DEBUG;
				SWIFT_OPTIMIZATION_LEVEL = "-Onone";
				TARGETED_DEVICE_FAMILY = "1,2";
			};
			name = Debug;
		};
		890C1F0D1F3B54FE00B05EE3 /* Release */ = {
			isa = XCBuildConfiguration;
			buildSettings = {
				ALWAYS_SEARCH_USER_PATHS = NO;
				CLANG_ANALYZER_NONNULL = YES;
				CLANG_ANALYZER_NUMBER_OBJECT_CONVERSION = YES_AGGRESSIVE;
				CLANG_CXX_LANGUAGE_STANDARD = "gnu++0x";
				CLANG_CXX_LIBRARY = "libc++";
				CLANG_ENABLE_MODULES = YES;
				CLANG_ENABLE_OBJC_ARC = YES;
				CLANG_WARN_BOOL_CONVERSION = YES;
				CLANG_WARN_CONSTANT_CONVERSION = YES;
				CLANG_WARN_DIRECT_OBJC_ISA_USAGE = YES_ERROR;
				CLANG_WARN_DOCUMENTATION_COMMENTS = YES;
				CLANG_WARN_EMPTY_BODY = YES;
				CLANG_WARN_ENUM_CONVERSION = YES;
				CLANG_WARN_INFINITE_RECURSION = YES;
				CLANG_WARN_INT_CONVERSION = YES;
				CLANG_WARN_OBJC_ROOT_CLASS = YES_ERROR;
				CLANG_WARN_SUSPICIOUS_MOVE = YES;
				CLANG_WARN_UNREACHABLE_CODE = YES;
				CLANG_WARN__DUPLICATE_METHOD_MATCH = YES;
				"CODE_SIGN_IDENTITY[sdk=iphoneos*]" = "iPhone Developer";
				COPY_PHASE_STRIP = NO;
				DEBUG_INFORMATION_FORMAT = "dwarf-with-dsym";
				ENABLE_NS_ASSERTIONS = NO;
				ENABLE_STRICT_OBJC_MSGSEND = YES;
				GCC_C_LANGUAGE_STANDARD = gnu99;
				GCC_NO_COMMON_BLOCKS = YES;
				GCC_WARN_64_TO_32_BIT_CONVERSION = YES;
				GCC_WARN_ABOUT_RETURN_TYPE = YES_ERROR;
				GCC_WARN_UNDECLARED_SELECTOR = YES;
				GCC_WARN_UNINITIALIZED_AUTOS = YES_AGGRESSIVE;
				GCC_WARN_UNUSED_FUNCTION = YES;
				GCC_WARN_UNUSED_VARIABLE = YES;
				IPHONEOS_DEPLOYMENT_TARGET = 10.3;
				MTL_ENABLE_DEBUG_INFO = NO;
				SDKROOT = iphoneos;
				SWIFT_OPTIMIZATION_LEVEL = "-Owholemodule";
				TARGETED_DEVICE_FAMILY = "1,2";
				VALIDATE_PRODUCT = YES;
			};
			name = Release;
		};
		890C1F0F1F3B54FE00B05EE3 /* Debug */ = {
			isa = XCBuildConfiguration;
			buildSettings = {
				ASSETCATALOG_COMPILER_APPICON_NAME = AppIcon;
				INFOPLIST_FILE = "Light Color Controller/Info.plist";
				LD_RUNPATH_SEARCH_PATHS = "$(inherited) @executable_path/Frameworks";
				PRODUCT_BUNDLE_IDENTIFIER = "edu.maryville.swdv.Light-Color-Controller";
				PRODUCT_NAME = "$(TARGET_NAME)";
				SWIFT_VERSION = 3.0;
			};
			name = Debug;
		};
		890C1F101F3B54FE00B05EE3 /* Release */ = {
			isa = XCBuildConfiguration;
			buildSettings = {
				ASSETCATALOG_COMPILER_APPICON_NAME = AppIcon;
				INFOPLIST_FILE = "Light Color Controller/Info.plist";
				LD_RUNPATH_SEARCH_PATHS = "$(inherited) @executable_path/Frameworks";
				PRODUCT_BUNDLE_IDENTIFIER = "edu.maryville.swdv.Light-Color-Controller";
				PRODUCT_NAME = "$(TARGET_NAME)";
				SWIFT_VERSION = 3.0;
			};
			name = Release;
		};
/* End XCBuildConfiguration section */

/* Begin XCConfigurationList section */
		890C1EF71F3B54FE00B05EE3 /* Build configuration list for PBXProject "Light Color Controller" */ = {
			isa = XCConfigurationList;
			buildConfigurations = (
				890C1F0C1F3B54FE00B05EE3 /* Debug */,
				890C1F0D1F3B54FE00B05EE3 /* Release */,
			);
			defaultConfigurationIsVisible = 0;
			defaultConfigurationName = Release;
		};
		890C1F0E1F3B54FE00B05EE3 /* Build configuration list for PBXNativeTarget "Light Color Controller" */ = {
			isa = XCConfigurationList;
			buildConfigurations = (
				890C1F0F1F3B54FE00B05EE3 /* Debug */,
				890C1F101F3B54FE00B05EE3 /* Release */,
			);
			defaultConfigurationIsVisible = 0;
		};
/* End XCConfigurationList section */
	};
	rootObject = 890C1EF41F3B54FE00B05EE3 /* Project object */;
}
